// !$*UTF8*$!
{
	archiveVersion = 1;
	classes = {
	};
	objectVersion = 77;
	objects = {

/* Begin PBXBuildFile section */
		23EBFEDC2F75F5390026DE17 /* GoogleService-Info.plist in Resources */ = {isa = PBXBuildFile; fileRef = 23EBFEDA2F75F5390026DE17 /* GoogleService-Info.plist */; };
		23EBFEDF2F75F6CF0026DE17 /* FirebaseAnalytics in Frameworks */ = {isa = PBXBuildFile; productRef = 23EBFEDE2F75F6CF0026DE17 /* FirebaseAnalytics */; };
		23EBFEE12F75F6CF0026DE17 /* FirebaseCore in Frameworks */ = {isa = PBXBuildFile; productRef = 23EBFEE02F75F6CF0026DE17 /* FirebaseCore */; };
		23EBFEE32F75F6CF0026DE17 /* FirebaseCrashlytics in Frameworks */ = {isa = PBXBuildFile; productRef = 23EBFEE22F75F6CF0026DE17 /* FirebaseCrashlytics */; };
		23EBFEE52F75F6CF0026DE17 /* FirebaseInstallations in Frameworks */ = {isa = PBXBuildFile; productRef = 23EBFEE42F75F6CF0026DE17 /* FirebaseInstallations */; };
		23F9791D2F7584620058763E /* Logging in Frameworks */ = {isa = PBXBuildFile; productRef = 23F9791C2F7584620058763E /* Logging */; };
		23FCB0012F7600010058763E /* Sparkle in Frameworks */ = {isa = PBXBuildFile; productRef = 23FCB0022F7600010058763E /* Sparkle */; };
/* End PBXBuildFile section */

/* Begin PBXContainerItemProxy section */
		23A5A6112F74908600245F54 /* PBXContainerItemProxy */ = {
			isa = PBXContainerItemProxy;
			containerPortal = 23A5A5FB2F74908500245F54 /* Project object */;
			proxyType = 1;
			remoteGlobalIDString = 23A5A6022F74908500245F54;
			remoteInfo = Versioneer;
		};
		24B100062F8000010058763E /* PBXContainerItemProxy */ = {
			isa = PBXContainerItemProxy;
			containerPortal = 23A5A5FB2F74908500245F54 /* Project object */;
			proxyType = 1;
			remoteGlobalIDString = 24B100052F8000010058763E;
			remoteInfo = VersioneerPrivilegedHelper;
		};
/* End PBXContainerItemProxy section */

/* Begin PBXFileReference section */
		23967D082F74926F0012749C /* Versioneer-Info.plist */ = {isa = PBXFileReference; lastKnownFileType = text.plist; path = "Versioneer-Info.plist"; sourceTree = "<group>"; };
		23967D222F74949F0012749C /* Versioneer.xcodeproj */ = {isa = PBXFileReference; lastKnownFileType = "wrapper.pb-project"; path = Versioneer.xcodeproj; sourceTree = "<group>"; };
		23A5A6032F74908500245F54 /* Versioneer.app */ = {isa = PBXFileReference; explicitFileType = wrapper.application; includeInIndex = 0; path = Versioneer.app; sourceTree = BUILT_PRODUCTS_DIR; };
		23A5A6102F74908600245F54 /* VersioneerTests.xctest */ = {isa = PBXFileReference; explicitFileType = wrapper.cfbundle; includeInIndex = 0; path = VersioneerTests.xctest; sourceTree = BUILT_PRODUCTS_DIR; };
		23EBFEDA2F75F5390026DE17 /* GoogleService-Info.plist */ = {isa = PBXFileReference; lastKnownFileType = text.plist.xml; path = "GoogleService-Info.plist"; sourceTree = "<group>"; };
		24B100012F8000010058763E /* VersioneerPrivilegedHelper */ = {isa = PBXFileReference; explicitFileType = "compiled.mach-o.executable"; includeInIndex = 0; path = VersioneerPrivilegedHelper; sourceTree = BUILT_PRODUCTS_DIR; };
/* End PBXFileReference section */

/* Begin PBXFileSystemSynchronizedRootGroup section */
		23967D782F7495980012749C /* Versioneer */ = {
			isa = PBXFileSystemSynchronizedRootGroup;
			path = Versioneer;
			sourceTree = "<group>";
		};
		23967D7C2F74959C0012749C /* VersioneerTests */ = {
			isa = PBXFileSystemSynchronizedRootGroup;
			path = VersioneerTests;
			sourceTree = "<group>";
		};
		24B100022F8000010058763E /* VersioneerShared */ = {
			isa = PBXFileSystemSynchronizedRootGroup;
			path = VersioneerShared;
			sourceTree = "<group>";
		};
		24B100032F8000010058763E /* VersioneerPrivilegedHelper */ = {
			isa = PBXFileSystemSynchronizedRootGroup;
			path = VersioneerPrivilegedHelper;
			sourceTree = "<group>";
		};
/* End PBXFileSystemSynchronizedRootGroup section */

/* Begin PBXFrameworksBuildPhase section */
		23A5A6002F74908500245F54 /* Frameworks */ = {
			isa = PBXFrameworksBuildPhase;
			buildActionMask = 2147483647;
			files = (
				23F9791D2F7584620058763E /* Logging in Frameworks */,
				23FCB0012F7600010058763E /* Sparkle in Frameworks */,
				23EBFEE32F75F6CF0026DE17 /* FirebaseCrashlytics in Frameworks */,
				23EBFEE52F75F6CF0026DE17 /* FirebaseInstallations in Frameworks */,
				23EBFEE12F75F6CF0026DE17 /* FirebaseCore in Frameworks */,
				23EBFEDF2F75F6CF0026DE17 /* FirebaseAnalytics in Frameworks */,
			);
			runOnlyForDeploymentPostprocessing = 0;
		};
		23A5A60D2F74908600245F54 /* Frameworks */ = {
			isa = PBXFrameworksBuildPhase;
			buildActionMask = 2147483647;
			files = (
			);
			runOnlyForDeploymentPostprocessing = 0;
		};
		24B100042F8000010058763E /* Frameworks */ = {
			isa = PBXFrameworksBuildPhase;
			buildActionMask = 2147483647;
			files = (
			);
			runOnlyForDeploymentPostprocessing = 0;
		};
/* End PBXFrameworksBuildPhase section */

/* Begin PBXGroup section */
		23967D232F74949F0012749C /* Products */ = {
			isa = PBXGroup;
			name = Products;
			sourceTree = "<group>";
		};
		23A5A5FA2F74908500245F54 = {
			isa = PBXGroup;
			children = (
				23967D222F74949F0012749C /* Versioneer.xcodeproj */,
				23A5A6042F74908500245F54 /* Products */,
				23967D7C2F74959C0012749C /* VersioneerTests */,
				23967D782F7495980012749C /* Versioneer */,
				24B100022F8000010058763E /* VersioneerShared */,
				24B100032F8000010058763E /* VersioneerPrivilegedHelper */,
				23967D082F74926F0012749C /* Versioneer-Info.plist */,
				23EBFEDA2F75F5390026DE17 /* GoogleService-Info.plist */,
			);
			sourceTree = "<group>";
		};
		23A5A6042F74908500245F54 /* Products */ = {
			isa = PBXGroup;
			children = (
				23A5A6032F74908500245F54 /* Versioneer.app */,
				23A5A6102F74908600245F54 /* VersioneerTests.xctest */,
				24B100012F8000010058763E /* VersioneerPrivilegedHelper */,
			);
			name = Products;
			sourceTree = "<group>";
		};
/* End PBXGroup section */

/* Begin PBXNativeTarget section */
		23A5A6022F74908500245F54 /* Versioneer */ = {
			isa = PBXNativeTarget;
			buildConfigurationList = 23A5A6242F74908600245F54 /* Build configuration list for PBXNativeTarget "Versioneer" */;
			buildPhases = (
				23A5A5FF2F74908500245F54 /* Sources */,
				23A5A6002F74908500245F54 /* Frameworks */,
				23A5A6012F74908500245F54 /* Resources */,
				24B100082F8000010058763E /* Bundle Privileged Helper */,
				24B1000E2F8000010058763E /* Crashlytics run script */,
			);
			buildRules = (
			);
			dependencies = (
				24B100072F8000010058763E /* PBXTargetDependency */,
			);
			fileSystemSynchronizedGroups = (
				23967D782F7495980012749C /* Versioneer */,
				24B100022F8000010058763E /* VersioneerShared */,
			);
			name = Versioneer;
			packageProductDependencies = (
				23FCB0022F7600010058763E /* Sparkle */,
				23F9791C2F7584620058763E /* Logging */,
				23EBFEDE2F75F6CF0026DE17 /* FirebaseAnalytics */,
				23EBFEE02F75F6CF0026DE17 /* FirebaseCore */,
				23EBFEE22F75F6CF0026DE17 /* FirebaseCrashlytics */,
				23EBFEE42F75F6CF0026DE17 /* FirebaseInstallations */,
			);
			productName = Versioneer;
			productReference = 23A5A6032F74908500245F54 /* Versioneer.app */;
			productType = "com.apple.product-type.application";
		};
		23A5A60F2F74908600245F54 /* VersioneerTests */ = {
			isa = PBXNativeTarget;
			buildConfigurationList = 23A5A6272F74908600245F54 /* Build configuration list for PBXNativeTarget "VersioneerTests" */;
			buildPhases = (
				23A5A60C2F74908600245F54 /* Sources */,
				23A5A60D2F74908600245F54 /* Frameworks */,
				23A5A60E2F74908600245F54 /* Resources */,
			);
			buildRules = (
			);
			dependencies = (
				23A5A6122F74908600245F54 /* PBXTargetDependency */,
			);
			fileSystemSynchronizedGroups = (
				23967D7C2F74959C0012749C /* VersioneerTests */,
			);
			name = VersioneerTests;
			packageProductDependencies = (
			);
			productName = VersioneerTests;
			productReference = 23A5A6102F74908600245F54 /* VersioneerTests.xctest */;
			productType = "com.apple.product-type.bundle.unit-test";
		};
		24B100052F8000010058763E /* VersioneerPrivilegedHelper */ = {
			isa = PBXNativeTarget;
			buildConfigurationList = 24B1000D2F8000010058763E /* Build configuration list for PBXNativeTarget "VersioneerPrivilegedHelper" */;
			buildPhases = (
				24B1000A2F8000010058763E /* Sources */,
				24B100042F8000010058763E /* Frameworks */,
				24B100092F8000010058763E /* Resources */,
			);
			buildRules = (
			);
			dependencies = (
			);
			fileSystemSynchronizedGroups = (
				24B100022F8000010058763E /* VersioneerShared */,
				24B100032F8000010058763E /* VersioneerPrivilegedHelper */,
			);
			name = VersioneerPrivilegedHelper;
			packageProductDependencies = (
			);
			productName = VersioneerPrivilegedHelper;
			productReference = 24B100012F8000010058763E /* VersioneerPrivilegedHelper */;
			productType = "com.apple.product-type.tool";
		};
/* End PBXNativeTarget section */

/* Begin PBXProject section */
		23A5A5FB2F74908500245F54 /* Project object */ = {
			isa = PBXProject;
			attributes = {
				BuildIndependentTargetsInParallel = 1;
				LastSwiftUpdateCheck = 2630;
				LastUpgradeCheck = 2630;
				TargetAttributes = {
					23A5A6022F74908500245F54 = {
						CreatedOnToolsVersion = 26.3;
					};
					23A5A60F2F74908600245F54 = {
						CreatedOnToolsVersion = 26.3;
						TestTargetID = 23A5A6022F74908500245F54;
					};
					24B100052F8000010058763E = {
						CreatedOnToolsVersion = 26.3;
					};
				};
			};
			buildConfigurationList = 23A5A5FE2F74908500245F54 /* Build configuration list for PBXProject "Versioneer" */;
			developmentRegion = en;
			hasScannedForEncodings = 0;
			knownRegions = (
				en,
				Base,
			);
			mainGroup = 23A5A5FA2F74908500245F54;
			minimizedProjectReferenceProxies = 1;
			packageReferences = (
				23F9791A2F7583030058763E /* XCRemoteSwiftPackageReference "Sparkle" */,
				23F9791B2F7584620058763E /* XCRemoteSwiftPackageReference "swift-log" */,
				23EBFEDD2F75F6CF0026DE17 /* XCRemoteSwiftPackageReference "firebase-ios-sdk" */,
			);
			preferredProjectObjectVersion = 77;
			productRefGroup = 23A5A6042F74908500245F54 /* Products */;
			projectDirPath = "";
			projectReferences = (
				{
					ProductGroup = 23967D232F74949F0012749C /* Products */;
					ProjectRef = 23967D222F74949F0012749C /* Versioneer.xcodeproj */;
				},
			);
			projectRoot = "";
			targets = (
				23A5A6022F74908500245F54 /* Versioneer */,
				23A5A60F2F74908600245F54 /* VersioneerTests */,
				24B100052F8000010058763E /* VersioneerPrivilegedHelper */,
			);
		};
/* End PBXProject section */

/* Begin PBXResourcesBuildPhase section */
		23A5A6012F74908500245F54 /* Resources */ = {
			isa = PBXResourcesBuildPhase;
			buildActionMask = 2147483647;
			files = (
				23EBFEDC2F75F5390026DE17 /* GoogleService-Info.plist in Resources */,
			);
			runOnlyForDeploymentPostprocessing = 0;
		};
		23A5A60E2F74908600245F54 /* Resources */ = {
			isa = PBXResourcesBuildPhase;
			buildActionMask = 2147483647;
			files = (
			);
			runOnlyForDeploymentPostprocessing = 0;
		};
		24B100092F8000010058763E /* Resources */ = {
			isa = PBXResourcesBuildPhase;
			buildActionMask = 2147483647;
			files = (
			);
			runOnlyForDeploymentPostprocessing = 0;
		};
/* End PBXResourcesBuildPhase section */

/* Begin PBXShellScriptBuildPhase section */
		24B100082F8000010058763E /* Bundle Privileged Helper */ = {
			isa = PBXShellScriptBuildPhase;
			buildActionMask = 2147483647;
			files = (
			);
			inputFileListPaths = (
			);
			inputPaths = (
				"$(BUILT_PRODUCTS_DIR)/VersioneerPrivilegedHelper",
				"$(PROJECT_DIR)/PrivilegedHelperSupport/com.jakejarvis.versioneer.PrivilegedHelper.plist",
			);
			name = "Bundle Privileged Helper";
			outputFileListPaths = (
			);
			outputPaths = (
				"$(TARGET_BUILD_DIR)/$(WRAPPER_NAME)/Contents/Library/HelperTools/VersioneerPrivilegedHelper",
				"$(TARGET_BUILD_DIR)/$(WRAPPER_NAME)/Contents/Library/LaunchDaemons/com.jakejarvis.versioneer.PrivilegedHelper.plist",
			);
			runOnlyForDeploymentPostprocessing = 0;
			shellPath = /bin/sh;
			shellScript = "set -euo pipefail\nHELPER_SOURCE=\"${BUILT_PRODUCTS_DIR}/VersioneerPrivilegedHelper\"\nHELPER_DIR=\"${TARGET_BUILD_DIR}/${WRAPPER_NAME}/Contents/Library/HelperTools\"\nPLIST_SOURCE=\"${PROJECT_DIR}/PrivilegedHelperSupport/com.jakejarvis.versioneer.PrivilegedHelper.plist\"\nPLIST_DIR=\"${TARGET_BUILD_DIR}/${WRAPPER_NAME}/Contents/Library/LaunchDaemons\"\n/bin/mkdir -p \"$HELPER_DIR\" \"$PLIST_DIR\"\n/usr/bin/ditto \"$HELPER_SOURCE\" \"$HELPER_DIR/VersioneerPrivilegedHelper\"\n/usr/bin/ditto \"$PLIST_SOURCE\" \"$PLIST_DIR/com.jakejarvis.versioneer.PrivilegedHelper.plist\"\n";
			showEnvVarsInLog = 0;
		};
		24B1000E2F8000010058763E /* Crashlytics run script */ = {
			isa = PBXShellScriptBuildPhase;
			alwaysOutOfDate = 1;
			buildActionMask = 2147483647;
			files = (
			);
			inputFileListPaths = (
			);
			inputPaths = (
				"$(BUILD_DIR)/../../SourcePackages/checkouts/firebase-ios-sdk/Crashlytics/run",
				"$(TARGET_BUILD_DIR)/$(UNLOCALIZED_RESOURCES_FOLDER_PATH)/GoogleService-Info.plist",
				"$(TARGET_BUILD_DIR)/$(EXECUTABLE_PATH)",
				"${DWARF_DSYM_FOLDER_PATH}/${DWARF_DSYM_FILE_NAME}",
				"${DWARF_DSYM_FOLDER_PATH}/${DWARF_DSYM_FILE_NAME}/Contents/Info.plist",
				"${DWARF_DSYM_FOLDER_PATH}/${DWARF_DSYM_FILE_NAME}/Contents/Resources/DWARF/${PRODUCT_NAME}",
				"${DWARF_DSYM_FOLDER_PATH}/${DWARF_DSYM_FILE_NAME}/Contents/Resources/DWARF/${PRODUCT_NAME}.debug.dylib",
			);
			name = "Crashlytics run script";
			outputFileListPaths = (
			);
			outputPaths = (
			);
			runOnlyForDeploymentPostprocessing = 0;
			shellPath = /bin/sh;
			shellScript = "\"${BUILD_DIR}/../../SourcePackages/checkouts/firebase-ios-sdk/Crashlytics/run\"\n";
			showEnvVarsInLog = 0;
		};
/* End PBXShellScriptBuildPhase section */

/* Begin PBXSourcesBuildPhase section */
		23A5A5FF2F74908500245F54 /* Sources */ = {
			isa = PBXSourcesBuildPhase;
			buildActionMask = 2147483647;
			files = (
			);
			runOnlyForDeploymentPostprocessing = 0;
		};
		23A5A60C2F74908600245F54 /* Sources */ = {
			isa = PBXSourcesBuildPhase;
			buildActionMask = 2147483647;
			files = (
			);
			runOnlyForDeploymentPostprocessing = 0;
		};
		24B1000A2F8000010058763E /* Sources */ = {
			isa = PBXSourcesBuildPhase;
			buildActionMask = 2147483647;
			files = (
			);
			runOnlyForDeploymentPostprocessing = 0;
		};
/* End PBXSourcesBuildPhase section */

/* Begin PBXTargetDependency section */
		23A5A6122F74908600245F54 /* PBXTargetDependency */ = {
			isa = PBXTargetDependency;
			target = 23A5A6022F74908500245F54 /* Versioneer */;
			targetProxy = 23A5A6112F74908600245F54 /* PBXContainerItemProxy */;
		};
		24B100072F8000010058763E /* PBXTargetDependency */ = {
			isa = PBXTargetDependency;
			target = 24B100052F8000010058763E /* VersioneerPrivilegedHelper */;
			targetProxy = 24B100062F8000010058763E /* PBXContainerItemProxy */;
		};
/* End PBXTargetDependency section */

/* Begin XCBuildConfiguration section */
		23A5A6222F74908600245F54 /* Debug */ = {
			isa = XCBuildConfiguration;
			buildSettings = {
				ALWAYS_SEARCH_USER_PATHS = NO;
				ASSETCATALOG_COMPILER_GENERATE_SWIFT_ASSET_SYMBOL_EXTENSIONS = YES;
				CLANG_ANALYZER_NONNULL = YES;
				CLANG_ANALYZER_NUMBER_OBJECT_CONVERSION = YES_AGGRESSIVE;
				CLANG_CXX_LANGUAGE_STANDARD = "gnu++20";
				CLANG_ENABLE_MODULES = YES;
				CLANG_ENABLE_OBJC_ARC = YES;
				CLANG_ENABLE_OBJC_WEAK = YES;
				CLANG_WARN_BLOCK_CAPTURE_AUTORELEASING = YES;
				CLANG_WARN_BOOL_CONVERSION = YES;
				CLANG_WARN_COMMA = YES;
				CLANG_WARN_CONSTANT_CONVERSION = YES;
				CLANG_WARN_DEPRECATED_OBJC_IMPLEMENTATIONS = YES;
				CLANG_WARN_DIRECT_OBJC_ISA_USAGE = YES_ERROR;
				CLANG_WARN_DOCUMENTATION_COMMENTS = YES;
				CLANG_WARN_EMPTY_BODY = YES;
				CLANG_WARN_ENUM_CONVERSION = YES;
				CLANG_WARN_INFINITE_RECURSION = YES;
				CLANG_WARN_INT_CONVERSION = YES;
				CLANG_WARN_NON_LITERAL_NULL_CONVERSION = YES;
				CLANG_WARN_OBJC_IMPLICIT_RETAIN_SELF = YES;
				CLANG_WARN_OBJC_LITERAL_CONVERSION = YES;
				CLANG_WARN_OBJC_ROOT_CLASS = YES_ERROR;
				CLANG_WARN_QUOTED_INCLUDE_IN_FRAMEWORK_HEADER = YES;
				CLANG_WARN_RANGE_LOOP_ANALYSIS = YES;
				CLANG_WARN_STRICT_PROTOTYPES = YES;
				CLANG_WARN_SUSPICIOUS_MOVE = YES;
				CLANG_WARN_UNGUARDED_AVAILABILITY = YES_AGGRESSIVE;
				CLANG_WARN_UNREACHABLE_CODE = YES;
				CLANG_WARN__DUPLICATE_METHOD_MATCH = YES;
				COPY_PHASE_STRIP = NO;
				DEBUG_INFORMATION_FORMAT = "dwarf-with-dsym";
				DEVELOPMENT_TEAM = B5ZWKBCUTU;
				ENABLE_STRICT_OBJC_MSGSEND = YES;
				ENABLE_TESTABILITY = YES;
				ENABLE_USER_SCRIPT_SANDBOXING = YES;
				GCC_C_LANGUAGE_STANDARD = gnu17;
				GCC_DYNAMIC_NO_PIC = NO;
				GCC_NO_COMMON_BLOCKS = YES;
				GCC_OPTIMIZATION_LEVEL = 0;
				GCC_PREPROCESSOR_DEFINITIONS = (
					"DEBUG=1",
					"$(inherited)",
				);
				GCC_WARN_64_TO_32_BIT_CONVERSION = YES;
				GCC_WARN_ABOUT_RETURN_TYPE = YES_ERROR;
				GCC_WARN_UNDECLARED_SELECTOR = YES;
				GCC_WARN_UNINITIALIZED_AUTOS = YES_AGGRESSIVE;
				GCC_WARN_UNUSED_FUNCTION = YES;
				GCC_WARN_UNUSED_VARIABLE = YES;
				LOCALIZATION_PREFERS_STRING_CATALOGS = YES;
				MACOSX_DEPLOYMENT_TARGET = 26.0;
				MTL_ENABLE_DEBUG_INFO = INCLUDE_SOURCE;
				MTL_FAST_MATH = YES;
				ONLY_ACTIVE_ARCH = YES;
				SDKROOT = macosx;
				SWIFT_ACTIVE_COMPILATION_CONDITIONS = "DEBUG $(inherited)";
				SWIFT_OPTIMIZATION_LEVEL = "-Onone";
				SWIFT_STRICT_CONCURRENCY = complete;
			};
			name = Debug;
		};
		23A5A6232F74908600245F54 /* Release */ = {
			isa = XCBuildConfiguration;
			buildSettings = {
				ALWAYS_SEARCH_USER_PATHS = NO;
				ASSETCATALOG_COMPILER_GENERATE_SWIFT_ASSET_SYMBOL_EXTENSIONS = YES;
				CLANG_ANALYZER_NONNULL = YES;
				CLANG_ANALYZER_NUMBER_OBJECT_CONVERSION = YES_AGGRESSIVE;
				CLANG_CXX_LANGUAGE_STANDARD = "gnu++20";
				CLANG_ENABLE_MODULES = YES;
				CLANG_ENABLE_OBJC_ARC = YES;
				CLANG_ENABLE_OBJC_WEAK = YES;
				CLANG_WARN_BLOCK_CAPTURE_AUTORELEASING = YES;
				CLANG_WARN_BOOL_CONVERSION = YES;
				CLANG_WARN_COMMA = YES;
				CLANG_WARN_CONSTANT_CONVERSION = YES;
				CLANG_WARN_DEPRECATED_OBJC_IMPLEMENTATIONS = YES;
				CLANG_WARN_DIRECT_OBJC_ISA_USAGE = YES_ERROR;
				CLANG_WARN_DOCUMENTATION_COMMENTS = YES;
				CLANG_WARN_EMPTY_BODY = YES;
				CLANG_WARN_ENUM_CONVERSION = YES;
				CLANG_WARN_INFINITE_RECURSION = YES;
				CLANG_WARN_INT_CONVERSION = YES;
				CLANG_WARN_NON_LITERAL_NULL_CONVERSION = YES;
				CLANG_WARN_OBJC_IMPLICIT_RETAIN_SELF = YES;
				CLANG_WARN_OBJC_LITERAL_CONVERSION = YES;
				CLANG_WARN_OBJC_ROOT_CLASS = YES_ERROR;
				CLANG_WARN_QUOTED_INCLUDE_IN_FRAMEWORK_HEADER = YES;
				CLANG_WARN_RANGE_LOOP_ANALYSIS = YES;
				CLANG_WARN_STRICT_PROTOTYPES = YES;
				CLANG_WARN_SUSPICIOUS_MOVE = YES;
				CLANG_WARN_UNGUARDED_AVAILABILITY = YES_AGGRESSIVE;
				CLANG_WARN_UNREACHABLE_CODE = YES;
				CLANG_WARN__DUPLICATE_METHOD_MATCH = YES;
				COPY_PHASE_STRIP = NO;
				DEBUG_INFORMATION_FORMAT = "dwarf-with-dsym";
				DEVELOPMENT_TEAM = B5ZWKBCUTU;
				ENABLE_NS_ASSERTIONS = NO;
				ENABLE_STRICT_OBJC_MSGSEND = YES;
				ENABLE_USER_SCRIPT_SANDBOXING = YES;
				GCC_C_LANGUAGE_STANDARD = gnu17;
				GCC_NO_COMMON_BLOCKS = YES;
				GCC_WARN_64_TO_32_BIT_CONVERSION = YES;
				GCC_WARN_ABOUT_RETURN_TYPE = YES_ERROR;
				GCC_WARN_UNDECLARED_SELECTOR = YES;
				GCC_WARN_UNINITIALIZED_AUTOS = YES_AGGRESSIVE;
				GCC_WARN_UNUSED_FUNCTION = YES;
				GCC_WARN_UNUSED_VARIABLE = YES;
				LOCALIZATION_PREFERS_STRING_CATALOGS = YES;
				MACOSX_DEPLOYMENT_TARGET = 26.0;
				MTL_ENABLE_DEBUG_INFO = NO;
				MTL_FAST_MATH = YES;
				SDKROOT = macosx;
				SWIFT_COMPILATION_MODE = wholemodule;
				SWIFT_STRICT_CONCURRENCY = complete;
			};
			name = Release;
		};
		23A5A6252F74908600245F54 /* Debug */ = {
			isa = XCBuildConfiguration;
			buildSettings = {
				ASSETCATALOG_COMPILER_APPICON_NAME = AppIcon;
				ASSETCATALOG_COMPILER_GLOBAL_ACCENT_COLOR_NAME = AccentColor;
				"CODE_SIGN_IDENTITY[sdk=macosx*]" = "Apple Development";
				CODE_SIGN_STYLE = Automatic;
				COMBINE_HIDPI_IMAGES = YES;
				CURRENT_PROJECT_VERSION = 1;
				DEVELOPMENT_TEAM = B5ZWKBCUTU;
				ENABLE_APP_SANDBOX = NO;
				ENABLE_HARDENED_RUNTIME = YES;
				ENABLE_INCOMING_NETWORK_CONNECTIONS = NO;
				ENABLE_OUTGOING_NETWORK_CONNECTIONS = YES;
				ENABLE_PREVIEWS = YES;
				ENABLE_RESOURCE_ACCESS_AUDIO_INPUT = NO;
				ENABLE_RESOURCE_ACCESS_BLUETOOTH = NO;
				ENABLE_RESOURCE_ACCESS_CALENDARS = NO;
				ENABLE_RESOURCE_ACCESS_CAMERA = NO;
				ENABLE_RESOURCE_ACCESS_CONTACTS = NO;
				ENABLE_RESOURCE_ACCESS_LOCATION = NO;
				ENABLE_RESOURCE_ACCESS_PRINTING = NO;
				ENABLE_RESOURCE_ACCESS_USB = NO;
				ENABLE_USER_SELECTED_FILES = readonly;
				GENERATE_INFOPLIST_FILE = YES;
				INFOPLIST_FILE = "Versioneer-Info.plist";
				INFOPLIST_KEY_LSApplicationCategoryType = "public.app-category.utilities";
				INFOPLIST_KEY_NSHumanReadableCopyright = "";
				LD_RUNPATH_SEARCH_PATHS = (
					"$(inherited)",
					"@executable_path/../Frameworks",
				);
				MACOSX_DEPLOYMENT_TARGET = 26.0;
				MARKETING_VERSION = 1.0;
				OTHER_LDFLAGS = (
					"$(inherited)",
					"-ObjC",
				);
				PRODUCT_BUNDLE_IDENTIFIER = com.jakejarvis.versioneer;
				PRODUCT_NAME = "$(TARGET_NAME)";
				REGISTER_APP_GROUPS = YES;
				SPARKLE_PUBLIC_ED_KEY = "";
				STRING_CATALOG_GENERATE_SYMBOLS = YES;
				SWIFT_APPROACHABLE_CONCURRENCY = YES;
				SWIFT_DEFAULT_ACTOR_ISOLATION = MainActor;
				SWIFT_EMIT_LOC_STRINGS = YES;
				SWIFT_UPCOMING_FEATURE_MEMBER_IMPORT_VISIBILITY = YES;
				SWIFT_VERSION = 6.0;
			};
			name = Debug;
		};
		23A5A6262F74908600245F54 /* Release */ = {
			isa = XCBuildConfiguration;
			buildSettings = {
				ASSETCATALOG_COMPILER_APPICON_NAME = AppIcon;
				ASSETCATALOG_COMPILER_GLOBAL_ACCENT_COLOR_NAME = AccentColor;
				"CODE_SIGN_IDENTITY[sdk=macosx*]" = "Apple Development";
				CODE_SIGN_STYLE = Automatic;
				COMBINE_HIDPI_IMAGES = YES;
				CURRENT_PROJECT_VERSION = 1;
				DEVELOPMENT_TEAM = B5ZWKBCUTU;
				ENABLE_APP_SANDBOX = NO;
				ENABLE_HARDENED_RUNTIME = YES;
				ENABLE_INCOMING_NETWORK_CONNECTIONS = NO;
				ENABLE_OUTGOING_NETWORK_CONNECTIONS = YES;
				ENABLE_PREVIEWS = YES;
				ENABLE_RESOURCE_ACCESS_AUDIO_INPUT = NO;
				ENABLE_RESOURCE_ACCESS_BLUETOOTH = NO;
				ENABLE_RESOURCE_ACCESS_CALENDARS = NO;
				ENABLE_RESOURCE_ACCESS_CAMERA = NO;
				ENABLE_RESOURCE_ACCESS_CONTACTS = NO;
				ENABLE_RESOURCE_ACCESS_LOCATION = NO;
				ENABLE_RESOURCE_ACCESS_PRINTING = NO;
				ENABLE_RESOURCE_ACCESS_USB = NO;
				ENABLE_USER_SELECTED_FILES = readonly;
				GENERATE_INFOPLIST_FILE = YES;
				INFOPLIST_FILE = "Versioneer-Info.plist";
				INFOPLIST_KEY_LSApplicationCategoryType = "public.app-category.utilities";
				INFOPLIST_KEY_NSHumanReadableCopyright = "";
				LD_RUNPATH_SEARCH_PATHS = (
					"$(inherited)",
					"@executable_path/../Frameworks",
				);
				MACOSX_DEPLOYMENT_TARGET = 26.0;
				MARKETING_VERSION = 1.0;
				OTHER_LDFLAGS = (
					"$(inherited)",
					"-ObjC",
				);
				PRODUCT_BUNDLE_IDENTIFIER = com.jakejarvis.versioneer;
				PRODUCT_NAME = "$(TARGET_NAME)";
				REGISTER_APP_GROUPS = YES;
				SPARKLE_PUBLIC_ED_KEY = "";
				STRING_CATALOG_GENERATE_SYMBOLS = YES;
				SWIFT_APPROACHABLE_CONCURRENCY = YES;
				SWIFT_DEFAULT_ACTOR_ISOLATION = MainActor;
				SWIFT_EMIT_LOC_STRINGS = YES;
				SWIFT_UPCOMING_FEATURE_MEMBER_IMPORT_VISIBILITY = YES;
				SWIFT_VERSION = 6.0;
			};
			name = Release;
		};
		23A5A6282F74908600245F54 /* Debug */ = {
			isa = XCBuildConfiguration;
			buildSettings = {
				BUNDLE_LOADER = "$(TEST_HOST)";
				CODE_SIGN_STYLE = Automatic;
				CURRENT_PROJECT_VERSION = 1;
				DEVELOPMENT_TEAM = B5ZWKBCUTU;
				GENERATE_INFOPLIST_FILE = YES;
				MACOSX_DEPLOYMENT_TARGET = 26.0;
				MARKETING_VERSION = 1.0;
				PRODUCT_BUNDLE_IDENTIFIER = com.jakejarvis.VersioneerTests;
				PRODUCT_NAME = "$(TARGET_NAME)";
				STRING_CATALOG_GENERATE_SYMBOLS = NO;
				SWIFT_APPROACHABLE_CONCURRENCY = YES;
				SWIFT_EMIT_LOC_STRINGS = NO;
				SWIFT_UPCOMING_FEATURE_MEMBER_IMPORT_VISIBILITY = YES;
				SWIFT_VERSION = 6.0;
				TEST_HOST = "$(BUILT_PRODUCTS_DIR)/Versioneer.app/$(BUNDLE_EXECUTABLE_FOLDER_PATH)/Versioneer";
			};
			name = Debug;
		};
		23A5A6292F74908600245F54 /* Release */ = {
			isa = XCBuildConfiguration;
			buildSettings = {
				BUNDLE_LOADER = "$(TEST_HOST)";
				CODE_SIGN_STYLE = Automatic;
				CURRENT_PROJECT_VERSION = 1;
				DEVELOPMENT_TEAM = B5ZWKBCUTU;
				GENERATE_INFOPLIST_FILE = YES;
				MACOSX_DEPLOYMENT_TARGET = 26.0;
				MARKETING_VERSION = 1.0;
				PRODUCT_BUNDLE_IDENTIFIER = com.jakejarvis.VersioneerTests;
				PRODUCT_NAME = "$(TARGET_NAME)";
				STRING_CATALOG_GENERATE_SYMBOLS = NO;
				SWIFT_APPROACHABLE_CONCURRENCY = YES;
				SWIFT_EMIT_LOC_STRINGS = NO;
				SWIFT_UPCOMING_FEATURE_MEMBER_IMPORT_VISIBILITY = YES;
				SWIFT_VERSION = 6.0;
				TEST_HOST = "$(BUILT_PRODUCTS_DIR)/Versioneer.app/$(BUNDLE_EXECUTABLE_FOLDER_PATH)/Versioneer";
			};
			name = Release;
		};
		24B1000B2F8000010058763E /* Debug */ = {
			isa = XCBuildConfiguration;
			buildSettings = {
				CODE_SIGN_STYLE = Automatic;
				CURRENT_PROJECT_VERSION = 1;
				DEVELOPMENT_TEAM = B5ZWKBCUTU;
				ENABLE_APP_SANDBOX = NO;
				ENABLE_HARDENED_RUNTIME = YES;
				GENERATE_INFOPLIST_FILE = YES;
				MACOSX_DEPLOYMENT_TARGET = 26.0;
				MARKETING_VERSION = 1.0;
				PRODUCT_BUNDLE_IDENTIFIER = com.jakejarvis.versioneer.PrivilegedHelper;
				PRODUCT_NAME = "$(TARGET_NAME)";
				SKIP_INSTALL = YES;
				STRING_CATALOG_GENERATE_SYMBOLS = NO;
				SWIFT_APPROACHABLE_CONCURRENCY = YES;
				SWIFT_EMIT_LOC_STRINGS = NO;
				SWIFT_UPCOMING_FEATURE_MEMBER_IMPORT_VISIBILITY = YES;
				SWIFT_VERSION = 6.0;
			};
			name = Debug;
		};
		24B1000C2F8000010058763E /* Release */ = {
			isa = XCBuildConfiguration;
			buildSettings = {
				CODE_SIGN_STYLE = Automatic;
				CURRENT_PROJECT_VERSION = 1;
				DEVELOPMENT_TEAM = B5ZWKBCUTU;
				ENABLE_APP_SANDBOX = NO;
				ENABLE_HARDENED_RUNTIME = YES;
				GENERATE_INFOPLIST_FILE = YES;
				MACOSX_DEPLOYMENT_TARGET = 26.0;
				MARKETING_VERSION = 1.0;
				PRODUCT_BUNDLE_IDENTIFIER = com.jakejarvis.versioneer.PrivilegedHelper;
				PRODUCT_NAME = "$(TARGET_NAME)";
				SKIP_INSTALL = YES;
				STRING_CATALOG_GENERATE_SYMBOLS = NO;
				SWIFT_APPROACHABLE_CONCURRENCY = YES;
				SWIFT_EMIT_LOC_STRINGS = NO;
				SWIFT_UPCOMING_FEATURE_MEMBER_IMPORT_VISIBILITY = YES;
				SWIFT_VERSION = 6.0;
			};
			name = Release;
		};
/* End XCBuildConfiguration section */

/* Begin XCConfigurationList section */
		23A5A5FE2F74908500245F54 /* Build configuration list for PBXProject "Versioneer" */ = {
			isa = XCConfigurationList;
			buildConfigurations = (
				23A5A6222F74908600245F54 /* Debug */,
				23A5A6232F74908600245F54 /* Release */,
			);
			defaultConfigurationIsVisible = 0;
			defaultConfigurationName = Release;
		};
		23A5A6242F74908600245F54 /* Build configuration list for PBXNativeTarget "Versioneer" */ = {
			isa = XCConfigurationList;
			buildConfigurations = (
				23A5A6252F74908600245F54 /* Debug */,
				23A5A6262F74908600245F54 /* Release */,
			);
			defaultConfigurationIsVisible = 0;
			defaultConfigurationName = Release;
		};
		23A5A6272F74908600245F54 /* Build configuration list for PBXNativeTarget "VersioneerTests" */ = {
			isa = XCConfigurationList;
			buildConfigurations = (
				23A5A6282F74908600245F54 /* Debug */,
				23A5A6292F74908600245F54 /* Release */,
			);
			defaultConfigurationIsVisible = 0;
			defaultConfigurationName = Release;
		};
		24B1000D2F8000010058763E /* Build configuration list for PBXNativeTarget "VersioneerPrivilegedHelper" */ = {
			isa = XCConfigurationList;
			buildConfigurations = (
				24B1000B2F8000010058763E /* Debug */,
				24B1000C2F8000010058763E /* Release */,
			);
			defaultConfigurationIsVisible = 0;
			defaultConfigurationName = Release;
		};
/* End XCConfigurationList section */

/* Begin XCRemoteSwiftPackageReference section */
		23EBFEDD2F75F6CF0026DE17 /* XCRemoteSwiftPackageReference "firebase-ios-sdk" */ = {
			isa = XCRemoteSwiftPackageReference;
			repositoryURL = "https://github.com/firebase/firebase-ios-sdk.git";
			requirement = {
				kind = upToNextMajorVersion;
				minimumVersion = 12.11.0;
			};
		};
		23F9791A2F7583030058763E /* XCRemoteSwiftPackageReference "Sparkle" */ = {
			isa = XCRemoteSwiftPackageReference;
			repositoryURL = "https://github.com/sparkle-project/Sparkle.git";
			requirement = {
				kind = upToNextMajorVersion;
				minimumVersion = 2.9.0;
			};
		};
		23F9791B2F7584620058763E /* XCRemoteSwiftPackageReference "swift-log" */ = {
			isa = XCRemoteSwiftPackageReference;
			repositoryURL = "https://github.com/apple/swift-log.git";
			requirement = {
				kind = upToNextMajorVersion;
				minimumVersion = 1.10.1;
			};
		};
/* End XCRemoteSwiftPackageReference section */

/* Begin XCSwiftPackageProductDependency section */
		23EBFEDE2F75F6CF0026DE17 /* FirebaseAnalytics */ = {
			isa = XCSwiftPackageProductDependency;
			package = 23EBFEDD2F75F6CF0026DE17 /* XCRemoteSwiftPackageReference "firebase-ios-sdk" */;
			productName = FirebaseAnalytics;
		};
		23EBFEE02F75F6CF0026DE17 /* FirebaseCore */ = {
			isa = XCSwiftPackageProductDependency;
			package = 23EBFEDD2F75F6CF0026DE17 /* XCRemoteSwiftPackageReference "firebase-ios-sdk" */;
			productName = FirebaseCore;
		};
		23EBFEE22F75F6CF0026DE17 /* FirebaseCrashlytics */ = {
			isa = XCSwiftPackageProductDependency;
			package = 23EBFEDD2F75F6CF0026DE17 /* XCRemoteSwiftPackageReference "firebase-ios-sdk" */;
			productName = FirebaseCrashlytics;
		};
		23EBFEE42F75F6CF0026DE17 /* FirebaseInstallations */ = {
			isa = XCSwiftPackageProductDependency;
			package = 23EBFEDD2F75F6CF0026DE17 /* XCRemoteSwiftPackageReference "firebase-ios-sdk" */;
			productName = FirebaseInstallations;
		};
		23F9791C2F7584620058763E /* Logging */ = {
			isa = XCSwiftPackageProductDependency;
			package = 23F9791B2F7584620058763E /* XCRemoteSwiftPackageReference "swift-log" */;
			productName = Logging;
		};
		23FCB0022F7600010058763E /* Sparkle */ = {
			isa = XCSwiftPackageProductDependency;
			package = 23F9791A2F7583030058763E /* XCRemoteSwiftPackageReference "Sparkle" */;
			productName = Sparkle;
		};
/* End XCSwiftPackageProductDependency section */
	};
	rootObject = 23A5A5FB2F74908500245F54 /* Project object */;
}
